
Microsoft Visual Studio Solution File, Format Version 12.00
# Visual Studio Version 17
VisualStudioVersion = 17.9.34728.123
MinimumVisualStudioVersion = 10.0.40219.1
Project("{FAE04EC0-301F-11D3-BF4B-00C04F79EFBC}") = "BankOcr", "BankOcr\BankOcr.csproj", "{93340776-ED31-4CA3-ABC4-BA19D41325CD}"
EndProject
Global
	GlobalSection(SolutionConfigurationPlatforms) = preSolution
		Debug|Any CPU = Debug|Any CPU
		Release|Any CPU = Release|Any CPU
	EndGlobalSection
	GlobalSection(ProjectConfigurationPlatforms) = postSolution
		{93340776-ED31-4CA3-ABC4-BA19D41325CD}.Debug|Any CPU.ActiveCfg = Debug|Any CPU
		{93340776-ED31-4CA3-ABC4-BA19D41325CD}.Debug|Any CPU.Build.0 = Debug|Any CPU
		{93340776-ED31-4CA3-ABC4-BA19D41325CD}.Release|Any CPU.ActiveCfg = Release|Any CPU
		{93340776-ED31-4CA3-ABC4-BA19D41325CD}.Release|Any CPU.Build.0 = Release|Any CPU
	EndGlobalSection
	GlobalSection(SolutionProperties) = preSolution
		HideSolutionNode = FALSE
	EndGlobalSection
	GlobalSection(ExtensibilityGlobals) = postSolution
		SolutionGuid = {4A712B3E-BEC5-4952-A2C3-C1E282D91B33}
	EndGlobalSection
EndGlobal
